
Microsoft Visual Studio Solution File, Format Version 12.00
# Visual Studio Version 17
VisualStudioVersion = 17.11.35222.181
MinimumVisualStudioVersion = 10.0.40219.1
Project("{FAE04EC0-301F-11D3-BF4B-00C04F79EFBC}") = "battleships", "battleships.csproj", "{3AAF99F9-FE88-4767-840E-C5774B9B4588}"
EndProject
Global
	GlobalSection(SolutionConfigurationPlatforms) = preSolution
		Debug|Any CPU = Debug|Any CPU
		Release|Any CPU = Release|Any CPU
	EndGlobalSection
	GlobalSection(ProjectConfigurationPlatforms) = postSolution
		{3AAF99F9-FE88-4767-840E-C5774B9B4588}.Debug|Any CPU.ActiveCfg = Debug|Any CPU
		{3AAF99F9-FE88-4767-840E-C5774B9B4588}.Debug|Any CPU.Build.0 = Debug|Any CPU
		{3AAF99F9-FE88-4767-840E-C5774B9B4588}.Release|Any CPU.ActiveCfg = Release|Any CPU
		{3AAF99F9-FE88-4767-840E-C5774B9B4588}.Release|Any CPU.Build.0 = Release|Any CPU
	EndGlobalSection
	GlobalSection(SolutionProperties) = preSolution
		HideSolutionNode = FALSE
	EndGlobalSection
	GlobalSection(ExtensibilityGlobals) = postSolution
		SolutionGuid = {6AC9E874-BA5C-47E3-A7FB-EF11EAC20AB0}
	EndGlobalSection
EndGlobal
